
Microsoft Visual Studio Solution File, Format Version 12.00
# Visual Studio Version 16
VisualStudioVersion = 16.0.29001.49
MinimumVisualStudioVersion = 10.0.40219.1
Project("{FAE04EC0-301F-11D3-BF4B-00C04F79EFBC}") = "TestIDS", "TestIDS\TestIDS.csproj", "{D0FBA35F-78F0-41BD-B41F-12B3C643F672}"
EndProject
Global
	GlobalSection(SolutionConfigurationPlatforms) = preSolution
		Debug|Any CPU = Debug|Any CPU
		Release|Any CPU = Release|Any CPU
	EndGlobalSection
	GlobalSection(ProjectConfigurationPlatforms) = postSolution
		{D0FBA35F-78F0-41BD-B41F-12B3C643F672}.Debug|Any CPU.ActiveCfg = Debug|Any CPU
		{D0FBA35F-78F0-41BD-B41F-12B3C643F672}.Debug|Any CPU.Build.0 = Debug|Any CPU
		{D0FBA35F-78F0-41BD-B41F-12B3C643F672}.Release|Any CPU.ActiveCfg = Release|Any CPU
		{D0FBA35F-78F0-41BD-B41F-12B3C643F672}.Release|Any CPU.Build.0 = Release|Any CPU
	EndGlobalSection
	GlobalSection(SolutionProperties) = preSolution
		HideSolutionNode = FALSE
	EndGlobalSection
	GlobalSection(ExtensibilityGlobals) = postSolution
		SolutionGuid = {960A96CC-9001-4140-9CD7-4FFBB2E40D6B}
	EndGlobalSection
EndGlobal
